{
  "name": "launchwright",
  "version": "0.2.0-dev.16",
  "lockfileVersion": 3,
  "requires": true,
  "packages": {
    "": {
      "name": "launchwright",
      "version": "0.2.0-dev.16",
      "license": "AGPL-3.0-only",
      "dependencies": {
        "@semwright/native-sdk": "file:vendor/semwright-native-sdk-0.9.0-dev.1.tgz"
      },
      "engines": {
        "node": ">=24.21.0 <25"
      }
    },
    "node_modules/@semwright/native-sdk": {
      "version": "0.9.0-dev.1",
      "resolved": "file:vendor/semwright-native-sdk-0.9.0-dev.1.tgz",
      "integrity": "sha512-ofEQSkyPTUQY4F2qsVz7oQeoGo1AcbMlI7zT0dvR9CH2pegsVd9b2XyKvG2nI3Nk9PPxP0xvx0wPLa2P0CpKKQ==",
      "license": "MIT OR Apache-2.0",
      "engines": {
        "node": ">=24.21.0 <25"
      }
    }
  }
}
